
Microsoft Visual Studio Solution File, Format Version 12.00
# Visual Studio Version 17
VisualStudioVersion = 17.4.33403.182
MinimumVisualStudioVersion = 10.0.40219.1
Project("{FAE04EC0-301F-11D3-BF4B-00C04F79EFBC}") = "DadosFuncionarioExercicio", "DadosFuncionarioExercicio\DadosFuncionarioExercicio.csproj", "{7C589225-87E2-4781-8A33-6351C6540B6B}"
EndProject
Global
	GlobalSection(SolutionConfigurationPlatforms) = preSolution
		Debug|Any CPU = Debug|Any CPU
		Release|Any CPU = Release|Any CPU
	EndGlobalSection
	GlobalSection(ProjectConfigurationPlatforms) = postSolution
		{7C589225-87E2-4781-8A33-6351C6540B6B}.Debug|Any CPU.ActiveCfg = Debug|Any CPU
		{7C589225-87E2-4781-8A33-6351C6540B6B}.Debug|Any CPU.Build.0 = Debug|Any CPU
		{7C589225-87E2-4781-8A33-6351C6540B6B}.Release|Any CPU.ActiveCfg = Release|Any CPU
		{7C589225-87E2-4781-8A33-6351C6540B6B}.Release|Any CPU.Build.0 = Release|Any CPU
	EndGlobalSection
	GlobalSection(SolutionProperties) = preSolution
		HideSolutionNode = FALSE
	EndGlobalSection
	GlobalSection(ExtensibilityGlobals) = postSolution
		SolutionGuid = {82C100E3-5258-40E4-9DFE-4D6948AD9F38}
	EndGlobalSection
EndGlobal
