
Microsoft Visual Studio Solution File, Format Version 12.00
# Visual Studio Version 17
VisualStudioVersion = 17.4.33403.182
MinimumVisualStudioVersion = 10.0.40219.1
Project("{FAE04EC0-301F-11D3-BF4B-00C04F79EFBC}") = "BancoExercicio", "BancoExercicio\BancoExercicio.csproj", "{5BB7A2C6-3378-4375-969D-DAA8CAF47EB9}"
EndProject
Global
	GlobalSection(SolutionConfigurationPlatforms) = preSolution
		Debug|Any CPU = Debug|Any CPU
		Release|Any CPU = Release|Any CPU
	EndGlobalSection
	GlobalSection(ProjectConfigurationPlatforms) = postSolution
		{5BB7A2C6-3378-4375-969D-DAA8CAF47EB9}.Debug|Any CPU.ActiveCfg = Debug|Any CPU
		{5BB7A2C6-3378-4375-969D-DAA8CAF47EB9}.Debug|Any CPU.Build.0 = Debug|Any CPU
		{5BB7A2C6-3378-4375-969D-DAA8CAF47EB9}.Release|Any CPU.ActiveCfg = Release|Any CPU
		{5BB7A2C6-3378-4375-969D-DAA8CAF47EB9}.Release|Any CPU.Build.0 = Release|Any CPU
	EndGlobalSection
	GlobalSection(SolutionProperties) = preSolution
		HideSolutionNode = FALSE
	EndGlobalSection
	GlobalSection(ExtensibilityGlobals) = postSolution
		SolutionGuid = {59BAF60A-A9BB-4C2B-A1E1-8FC02042B1BA}
	EndGlobalSection
EndGlobal
